
Microsoft Visual Studio Solution File, Format Version 12.00
# Visual Studio Version 17
VisualStudioVersion = 17.5.002.0
MinimumVisualStudioVersion = 10.0.40219.1
Project("{9A19103F-16F7-4668-BE54-9A1E7A4F7556}") = "Pluto", "Pluto.csproj", "{B6F19480-7405-4DCA-A7ED-7F7814735944}"
EndProject
Global
	GlobalSection(SolutionConfigurationPlatforms) = preSolution
		Debug|Any CPU = Debug|Any CPU
		Release|Any CPU = Release|Any CPU
	EndGlobalSection
	GlobalSection(ProjectConfigurationPlatforms) = postSolution
		{B6F19480-7405-4DCA-A7ED-7F7814735944}.Debug|Any CPU.ActiveCfg = Debug|Any CPU
		{B6F19480-7405-4DCA-A7ED-7F7814735944}.Debug|Any CPU.Build.0 = Debug|Any CPU
		{B6F19480-7405-4DCA-A7ED-7F7814735944}.Release|Any CPU.ActiveCfg = Release|Any CPU
		{B6F19480-7405-4DCA-A7ED-7F7814735944}.Release|Any CPU.Build.0 = Release|Any CPU
	EndGlobalSection
	GlobalSection(SolutionProperties) = preSolution
		HideSolutionNode = FALSE
	EndGlobalSection
	GlobalSection(ExtensibilityGlobals) = postSolution
		SolutionGuid = {91698E10-4E01-4104-9593-5D5D0C5AE58F}
	EndGlobalSection
EndGlobal
